<Solution>
  <Project Path="MerryYellow.CodeAssist.Editor.csproj" />
  <Project Path="FronkonGames.Retro.Noir.csproj" />
  <Project Path="FronkonGames.Retro.Noir.Editor.csproj" />
  <Project Path="Assembly-CSharp.csproj" />
  <Project Path="Assembly-CSharp-Editor.csproj" />
  <Project Path="TinyGiantStudio.DevTools.csproj" />
  <Project Path="TinyGiantStudio.DevTools.DevTrails.csproj" />
  <Project Path="Assembly-CSharp-firstpass.csproj" />
  <Project Path="Wingman.csproj" />
</Solution>
